lockVersion: 2.0.0
id: 057c3420-cffc-47a1-934f-bb5aa693a18b
management:
  docChecksum: 2ce558252cc48bc50ccfd24efecd3cf4
  docVersion: 1.0.0
  speakeasyVersion: internal
  generationVersion: 2.250.2
  releaseVersion: 0.5.0
  configChecksum: 1aba0094a6907f2493f5251cd64b9f74
  repoURL: https://github.com/speakeasy-sdks/ns_npa_go_sdk.git
  repoSubDirectory: .
  installationURL: https://github.com/speakeasy-sdks/ns_npa_go_sdk
  published: true
features:
  go:
    core: 3.3.2
    globalSecurity: 2.82.6
    globalServerURLs: 2.82.1
generatedFiles:
  - platform.go
  - go.mod
  - go.sum
  - pkg/models/sdkerrors/sdkerror.go
  - pkg/types/bigint.go
  - pkg/types/date.go
  - pkg/types/datetime.go
  - pkg/types/decimal.go
  - pkg/types/pointers.go
  - pkg/utils/contenttype.go
  - pkg/utils/form.go
  - pkg/utils/headers.go
  - pkg/utils/json.go
  - pkg/utils/pathparams.go
  - pkg/utils/queryparams.go
  - pkg/utils/requestbody.go
  - pkg/utils/retries.go
  - pkg/utils/security.go
  - pkg/utils/utils.go
  - /pkg/models/operations/deletenparulesid.go
  - /pkg/models/operations/getnparules.go
  - /pkg/models/operations/getnparulesid.go
  - /pkg/models/operations/patchnparulesid.go
  - /pkg/models/operations/postnparules.go
  - /pkg/models/shared/npapolicyresponseitem.go
  - /pkg/models/shared/npapolicyruledata.go
  - /pkg/models/shared/npapolicyruledlp.go
  - /pkg/models/shared/npapolicyrequest.go
  - /pkg/models/shared/security.go
  - /pkg/models/sdkerrors/npapolicyresponse400.go
  - docs/pkg/models/operations/deletenparulesidrequest.md
  - docs/pkg/models/operations/status.md
  - docs/pkg/models/operations/deletenparulesidresponsebody.md
  - docs/pkg/models/operations/deletenparulesidresponse.md
  - docs/pkg/models/operations/getnparulesrequest.md
  - docs/pkg/models/operations/getnparulesresponse.md
  - docs/pkg/models/operations/getnparulesidrequest.md
  - docs/pkg/models/operations/getnparulesidstatus.md
  - docs/pkg/models/operations/getnparulesidresponsebody.md
  - docs/pkg/models/operations/getnparulesidresponse.md
  - docs/pkg/models/operations/silent.md
  - docs/pkg/models/operations/patchnparulesidrequest.md
  - docs/pkg/models/operations/patchnparulesidstatus.md
  - docs/pkg/models/operations/patchnparulesidresponsebody.md
  - docs/pkg/models/operations/patchnparulesidresponse.md
  - docs/pkg/models/operations/queryparamsilent.md
  - docs/pkg/models/operations/postnparulesrequest.md
  - docs/pkg/models/operations/postnparulesresponse.md
  - docs/pkg/models/shared/npapolicyresponseitem.md
  - docs/pkg/models/shared/accessmethod.md
  - docs/pkg/models/shared/actionname.md
  - docs/pkg/models/shared/matchcriteriaaction.md
  - docs/pkg/models/shared/policytype.md
  - docs/pkg/models/shared/activity.md
  - docs/pkg/models/shared/activities.md
  - docs/pkg/models/shared/privateappswithactivities.md
  - docs/pkg/models/shared/usertype.md
  - docs/pkg/models/shared/npapolicyruledata.md
  - docs/pkg/models/shared/actions.md
  - docs/pkg/models/shared/npapolicyruledlp.md
  - docs/pkg/models/shared/order.md
  - docs/pkg/models/shared/ruleorder.md
  - docs/pkg/models/shared/npapolicyrequest.md
  - docs/pkg/models/shared/security.md
  - docs/pkg/models/sdkerrors/npapolicyresponse400.md
  - docs/sdks/platform/README.md
  - USAGE.md
  - .gitattributes
